
Microsoft Visual Studio Solution File, Format Version 12.00
# Visual Studio Version 17
VisualStudioVersion = 17.11.35312.102
MinimumVisualStudioVersion = 10.0.40219.1
Project("{9A19103F-16F7-4668-BE54-9A1E7A4F7556}") = "CLIrpg", "CLIrpg.csproj", "{B59C907A-291E-4519-A0BC-683993464EE4}"
EndProject
Project("{9A19103F-16F7-4668-BE54-9A1E7A4F7556}") = "RPGClassLibrary", "..\RPGClassLibrary\RPGClassLibrary.csproj", "{6CDA0CCA-DE7B-4292-8FD7-213FEDFCB027}"
EndProject
Global
	GlobalSection(SolutionConfigurationPlatforms) = preSolution
		Debug|Any CPU = Debug|Any CPU
		Release|Any CPU = Release|Any CPU
	EndGlobalSection
	GlobalSection(ProjectConfigurationPlatforms) = postSolution
		{B59C907A-291E-4519-A0BC-683993464EE4}.Debug|Any CPU.ActiveCfg = Debug|Any CPU
		{B59C907A-291E-4519-A0BC-683993464EE4}.Debug|Any CPU.Build.0 = Debug|Any CPU
		{B59C907A-291E-4519-A0BC-683993464EE4}.Release|Any CPU.ActiveCfg = Release|Any CPU
		{B59C907A-291E-4519-A0BC-683993464EE4}.Release|Any CPU.Build.0 = Release|Any CPU
		{6CDA0CCA-DE7B-4292-8FD7-213FEDFCB027}.Debug|Any CPU.ActiveCfg = Debug|Any CPU
		{6CDA0CCA-DE7B-4292-8FD7-213FEDFCB027}.Debug|Any CPU.Build.0 = Debug|Any CPU
		{6CDA0CCA-DE7B-4292-8FD7-213FEDFCB027}.Release|Any CPU.ActiveCfg = Release|Any CPU
		{6CDA0CCA-DE7B-4292-8FD7-213FEDFCB027}.Release|Any CPU.Build.0 = Release|Any CPU
	EndGlobalSection
	GlobalSection(SolutionProperties) = preSolution
		HideSolutionNode = FALSE
	EndGlobalSection
	GlobalSection(ExtensibilityGlobals) = postSolution
		SolutionGuid = {DB1D6BC5-55B1-480C-9EAB-805BDFDF8429}
	EndGlobalSection
EndGlobal
